
Microsoft Visual Studio Solution File, Format Version 12.00
# Visual Studio 2013
VisualStudioVersion = 12.0.31101.0
MinimumVisualStudioVersion = 10.0.40219.1
Project("{FAE04EC0-301F-11D3-BF4B-00C04F79EFBC}") = "APM.WebApi", "APM.WebApi\APM.WebApi.csproj", "{DA16B74E-DAF5-4906-BAA0-0670E62B2E02}"
EndProject
Global
	GlobalSection(SolutionConfigurationPlatforms) = preSolution
		Debug|Any CPU = Debug|Any CPU
		Release|Any CPU = Release|Any CPU
	EndGlobalSection
	GlobalSection(ProjectConfigurationPlatforms) = postSolution
		{DA16B74E-DAF5-4906-BAA0-0670E62B2E02}.Debug|Any CPU.ActiveCfg = Debug|Any CPU
		{DA16B74E-DAF5-4906-BAA0-0670E62B2E02}.Debug|Any CPU.Build.0 = Debug|Any CPU
		{DA16B74E-DAF5-4906-BAA0-0670E62B2E02}.Release|Any CPU.ActiveCfg = Release|Any CPU
		{DA16B74E-DAF5-4906-BAA0-0670E62B2E02}.Release|Any CPU.Build.0 = Release|Any CPU
	EndGlobalSection
	GlobalSection(SolutionProperties) = preSolution
		HideSolutionNode = FALSE
	EndGlobalSection
EndGlobal
